
Microsoft Visual Studio Solution File, Format Version 12.00
# Visual Studio Version 16
VisualStudioVersion = 16.0.30907.101
MinimumVisualStudioVersion = 10.0.40219.1
Project("{FAE04EC0-301F-11D3-BF4B-00C04F79EFBC}") = "LeadColorFixMod", "LeadColorFixMod\LeadColorFixMod.csproj", "{DE3132F7-7B75-4FAC-8534-B053E07CD545}"
EndProject
Global
	GlobalSection(SolutionConfigurationPlatforms) = preSolution
		Debug|Any CPU = Debug|Any CPU
		Release|Any CPU = Release|Any CPU
	EndGlobalSection
	GlobalSection(ProjectConfigurationPlatforms) = postSolution
		{DE3132F7-7B75-4FAC-8534-B053E07CD545}.Debug|Any CPU.ActiveCfg = Debug|Any CPU
		{DE3132F7-7B75-4FAC-8534-B053E07CD545}.Debug|Any CPU.Build.0 = Debug|Any CPU
		{DE3132F7-7B75-4FAC-8534-B053E07CD545}.Release|Any CPU.ActiveCfg = Release|Any CPU
		{DE3132F7-7B75-4FAC-8534-B053E07CD545}.Release|Any CPU.Build.0 = Release|Any CPU
	EndGlobalSection
	GlobalSection(SolutionProperties) = preSolution
		HideSolutionNode = FALSE
	EndGlobalSection
	GlobalSection(ExtensibilityGlobals) = postSolution
		SolutionGuid = {B9D000EC-3C55-4CBD-8797-BD5E3EAD9009}
	EndGlobalSection
EndGlobal
